
Microsoft Visual Studio Solution File, Format Version 12.00
# Visual Studio Version 17
VisualStudioVersion = 17.7.34302.85
MinimumVisualStudioVersion = 10.0.40219.1
Project("{9A19103F-16F7-4668-BE54-9A1E7A4F7556}") = "y.hex.convert", "y.hex.convert\y.hex.convert.csproj", "{AA70B5AF-6B45-4555-9182-C647F14DDA91}"
EndProject
Project("{9A19103F-16F7-4668-BE54-9A1E7A4F7556}") = "y.hex.convertTests", "y.hex.convertTests\y.hex.convertTests.csproj", "{C14F237A-4D94-4785-A5D1-C11CF85704CD}"
EndProject
Global
	GlobalSection(SolutionConfigurationPlatforms) = preSolution
		Debug|Any CPU = Debug|Any CPU
		Release|Any CPU = Release|Any CPU
	EndGlobalSection
	GlobalSection(ProjectConfigurationPlatforms) = postSolution
		{AA70B5AF-6B45-4555-9182-C647F14DDA91}.Debug|Any CPU.ActiveCfg = Debug|Any CPU
		{AA70B5AF-6B45-4555-9182-C647F14DDA91}.Debug|Any CPU.Build.0 = Debug|Any CPU
		{AA70B5AF-6B45-4555-9182-C647F14DDA91}.Release|Any CPU.ActiveCfg = Release|Any CPU
		{AA70B5AF-6B45-4555-9182-C647F14DDA91}.Release|Any CPU.Build.0 = Release|Any CPU
		{C14F237A-4D94-4785-A5D1-C11CF85704CD}.Debug|Any CPU.ActiveCfg = Debug|Any CPU
		{C14F237A-4D94-4785-A5D1-C11CF85704CD}.Debug|Any CPU.Build.0 = Debug|Any CPU
		{C14F237A-4D94-4785-A5D1-C11CF85704CD}.Release|Any CPU.ActiveCfg = Release|Any CPU
		{C14F237A-4D94-4785-A5D1-C11CF85704CD}.Release|Any CPU.Build.0 = Release|Any CPU
	EndGlobalSection
	GlobalSection(SolutionProperties) = preSolution
		HideSolutionNode = FALSE
	EndGlobalSection
	GlobalSection(ExtensibilityGlobals) = postSolution
		SolutionGuid = {059EFD91-7597-4BC4-8A95-B740CB5980BF}
	EndGlobalSection
EndGlobal
